// !$*UTF8*$!
{
	archiveVersion = 1;
	classes = {
	};
	objectVersion = 55;
	objects = {

/* Begin PBXBuildFile section */
		3D378B262875FB7A0000F1F5 /* GameOverViewController.swift in Sources */ = {isa = PBXBuildFile; fileRef = 3D378B252875FB7A0000F1F5 /* GameOverViewController.swift */; };
		3D378B292875FC100000F1F5 /* ScoreOfGameViewController.swift in Sources */ = {isa = PBXBuildFile; fileRef = 3D378B282875FC100000F1F5 /* ScoreOfGameViewController.swift */; };
		3D3ACE382868D53600B15212 /* FileStorage.swift in Sources */ = {isa = PBXBuildFile; fileRef = 3D3ACE372868D53600B15212 /* FileStorage.swift */; };
		3D88D3B6286B405500CF2369 /* GameViewController.swift in Sources */ = {isa = PBXBuildFile; fileRef = 3D88D3B5286B405500CF2369 /* GameViewController.swift */; };
		3D9019412857B01B002233BD /* UserModal.swift in Sources */ = {isa = PBXBuildFile; fileRef = 3D9019402857B01B002233BD /* UserModal.swift */; };
		3D9019432857B05D002233BD /* SaveUserSettings.swift in Sources */ = {isa = PBXBuildFile; fileRef = 3D9019422857B05D002233BD /* SaveUserSettings.swift */; };
		3D90194528588BF8002233BD /* SettingsViewController.swift in Sources */ = {isa = PBXBuildFile; fileRef = 3D90194428588BF8002233BD /* SettingsViewController.swift */; };
		3DD1473B2876F535007B4BD6 /* RecordCame.swift in Sources */ = {isa = PBXBuildFile; fileRef = 3DD1473A2876F535007B4BD6 /* RecordCame.swift */; };
		3DF21F46282CF7EE003126EB /* AppDelegate.swift in Sources */ = {isa = PBXBuildFile; fileRef = 3DF21F45282CF7EE003126EB /* AppDelegate.swift */; };
		3DF21F48282CF7EE003126EB /* SceneDelegate.swift in Sources */ = {isa = PBXBuildFile; fileRef = 3DF21F47282CF7EE003126EB /* SceneDelegate.swift */; };
		3DF21F4A282CF7EE003126EB /* ViewController.swift in Sources */ = {isa = PBXBuildFile; fileRef = 3DF21F49282CF7EE003126EB /* ViewController.swift */; };
		3DF21F4D282CF7EE003126EB /* Main.storyboard in Resources */ = {isa = PBXBuildFile; fileRef = 3DF21F4B282CF7EE003126EB /* Main.storyboard */; };
		3DF21F4F282CF7F8003126EB /* Assets.xcassets in Resources */ = {isa = PBXBuildFile; fileRef = 3DF21F4E282CF7F8003126EB /* Assets.xcassets */; };
		3DF21F52282CF7F8003126EB /* LaunchScreen.storyboard in Resources */ = {isa = PBXBuildFile; fileRef = 3DF21F50282CF7F8003126EB /* LaunchScreen.storyboard */; };
		3DF21F5E282D1780003126EB /* UIViewController+Alert.swift in Sources */ = {isa = PBXBuildFile; fileRef = 3DF21F5D282D1780003126EB /* UIViewController+Alert.swift */; };
/* End PBXBuildFile section */

/* Begin PBXFileReference section */
		3D378B252875FB7A0000F1F5 /* GameOverViewController.swift */ = {isa = PBXFileReference; lastKnownFileType = sourcecode.swift; path = GameOverViewController.swift; sourceTree = "<group>"; };
		3D378B282875FC100000F1F5 /* ScoreOfGameViewController.swift */ = {isa = PBXFileReference; lastKnownFileType = sourcecode.swift; path = ScoreOfGameViewController.swift; sourceTree = "<group>"; };
		3D3ACE372868D53600B15212 /* FileStorage.swift */ = {isa = PBXFileReference; lastKnownFileType = sourcecode.swift; path = FileStorage.swift; sourceTree = "<group>"; };
		3D88D3B5286B405500CF2369 /* GameViewController.swift */ = {isa = PBXFileReference; lastKnownFileType = sourcecode.swift; path = GameViewController.swift; sourceTree = "<group>"; };
		3D9019402857B01B002233BD /* UserModal.swift */ = {isa = PBXFileReference; lastKnownFileType = sourcecode.swift; path = UserModal.swift; sourceTree = "<group>"; };
		3D9019422857B05D002233BD /* SaveUserSettings.swift */ = {isa = PBXFileReference; lastKnownFileType = sourcecode.swift; path = SaveUserSettings.swift; sourceTree = "<group>"; };
		3D90194428588BF8002233BD /* SettingsViewController.swift */ = {isa = PBXFileReference; lastKnownFileType = sourcecode.swift; path = SettingsViewController.swift; sourceTree = "<group>"; };
		3DD1473A2876F535007B4BD6 /* RecordCame.swift */ = {isa = PBXFileReference; lastKnownFileType = sourcecode.swift; path = RecordCame.swift; sourceTree = "<group>"; };
		3DF21F42282CF7EE003126EB /* Homework 13.app */ = {isa = PBXFileReference; explicitFileType = wrapper.application; includeInIndex = 0; path = "Homework 13.app"; sourceTree = BUILT_PRODUCTS_DIR; };
		3DF21F45282CF7EE003126EB /* AppDelegate.swift */ = {isa = PBXFileReference; lastKnownFileType = sourcecode.swift; path = AppDelegate.swift; sourceTree = "<group>"; };
		3DF21F47282CF7EE003126EB /* SceneDelegate.swift */ = {isa = PBXFileReference; lastKnownFileType = sourcecode.swift; path = SceneDelegate.swift; sourceTree = "<group>"; };
		3DF21F49282CF7EE003126EB /* ViewController.swift */ = {isa = PBXFileReference; lastKnownFileType = sourcecode.swift; path = ViewController.swift; sourceTree = "<group>"; };
		3DF21F4C282CF7EE003126EB /* Base */ = {isa = PBXFileReference; lastKnownFileType = file.storyboard; name = Base; path = Base.lproj/Main.storyboard; sourceTree = "<group>"; };
		3DF21F4E282CF7F8003126EB /* Assets.xcassets */ = {isa = PBXFileReference; lastKnownFileType = folder.assetcatalog; path = Assets.xcassets; sourceTree = "<group>"; };
		3DF21F51282CF7F8003126EB /* Base */ = {isa = PBXFileReference; lastKnownFileType = file.storyboard; name = Base; path = Base.lproj/LaunchScreen.storyboard; sourceTree = "<group>"; };
		3DF21F53282CF7F8003126EB /* Info.plist */ = {isa = PBXFileReference; lastKnownFileType = text.plist.xml; path = Info.plist; sourceTree = "<group>"; };
		3DF21F5D282D1780003126EB /* UIViewController+Alert.swift */ = {isa = PBXFileReference; lastKnownFileType = sourcecode.swift; path = "UIViewController+Alert.swift"; sourceTree = "<group>"; };
/* End PBXFileReference section */

/* Begin PBXFrameworksBuildPhase section */
		3DF21F3F282CF7EE003126EB /* Frameworks */ = {
			isa = PBXFrameworksBuildPhase;
			buildActionMask = 2147483647;
			files = (
			);
			runOnlyForDeploymentPostprocessing = 0;
		};
/* End PBXFrameworksBuildPhase section */

/* Begin PBXGroup section */
		3DF21F39282CF7EE003126EB = {
			isa = PBXGroup;
			children = (
				3DF21F44282CF7EE003126EB /* Homework 13 */,
				3DF21F43282CF7EE003126EB /* Products */,
			);
			sourceTree = "<group>";
		};
		3DF21F43282CF7EE003126EB /* Products */ = {
			isa = PBXGroup;
			children = (
				3DF21F42282CF7EE003126EB /* Homework 13.app */,
			);
			name = Products;
			sourceTree = "<group>";
		};
		3DF21F44282CF7EE003126EB /* Homework 13 */ = {
			isa = PBXGroup;
			children = (
				3DF21F59282CF80F003126EB /* App */,
				3DF21F5A282CF823003126EB /* Controllers */,
				3DF21F5B282CF842003126EB /* Storyboards */,
				3DF21F5C282CF85C003126EB /* Resources */,
				3DF21F53282CF7F8003126EB /* Info.plist */,
			);
			path = "Homework 13";
			sourceTree = "<group>";
		};
		3DF21F59282CF80F003126EB /* App */ = {
			isa = PBXGroup;
			children = (
				3DF21F47282CF7EE003126EB /* SceneDelegate.swift */,
				3DF21F45282CF7EE003126EB /* AppDelegate.swift */,
			);
			path = App;
			sourceTree = "<group>";
		};
		3DF21F5A282CF823003126EB /* Controllers */ = {
			isa = PBXGroup;
			children = (
				3DF21F49282CF7EE003126EB /* ViewController.swift */,
				3D88D3B5286B405500CF2369 /* GameViewController.swift */,
				3D378B252875FB7A0000F1F5 /* GameOverViewController.swift */,
				3D378B282875FC100000F1F5 /* ScoreOfGameViewController.swift */,
				3DD1473A2876F535007B4BD6 /* RecordCame.swift */,
				3DF21F5D282D1780003126EB /* UIViewController+Alert.swift */,
				3D9019402857B01B002233BD /* UserModal.swift */,
				3D9019422857B05D002233BD /* SaveUserSettings.swift */,
				3D90194428588BF8002233BD /* SettingsViewController.swift */,
				3D3ACE372868D53600B15212 /* FileStorage.swift */,
			);
			path = Controllers;
			sourceTree = "<group>";
		};
		3DF21F5B282CF842003126EB /* Storyboards */ = {
			isa = PBXGroup;
			children = (
				3DF21F50282CF7F8003126EB /* LaunchScreen.storyboard */,
				3DF21F4B282CF7EE003126EB /* Main.storyboard */,
			);
			path = Storyboards;
			sourceTree = "<group>";
		};
		3DF21F5C282CF85C003126EB /* Resources */ = {
			isa = PBXGroup;
			children = (
				3DF21F4E282CF7F8003126EB /* Assets.xcassets */,
			);
			path = Resources;
			sourceTree = "<group>";
		};
/* End PBXGroup section */

/* Begin PBXNativeTarget section */
		3DF21F41282CF7EE003126EB /* Homework 13 */ = {
			isa = PBXNativeTarget;
			buildConfigurationList = 3DF21F56282CF7F8003126EB /* Build configuration list for PBXNativeTarget "Homework 13" */;
			buildPhases = (
				3DF21F3E282CF7EE003126EB /* Sources */,
				3DF21F3F282CF7EE003126EB /* Frameworks */,
				3DF21F40282CF7EE003126EB /* Resources */,
			);
			buildRules = (
			);
			dependencies = (
			);
			name = "Homework 13";
			productName = "Homework 13";
			productReference = 3DF21F42282CF7EE003126EB /* Homework 13.app */;
			productType = "com.apple.product-type.application";
		};
/* End PBXNativeTarget section */

/* Begin PBXProject section */
		3DF21F3A282CF7EE003126EB /* Project object */ = {
			isa = PBXProject;
			attributes = {
				BuildIndependentTargetsInParallel = 1;
				LastSwiftUpdateCheck = 1330;
				LastUpgradeCheck = 1330;
				TargetAttributes = {
					3DF21F41282CF7EE003126EB = {
						CreatedOnToolsVersion = 13.3.1;
					};
				};
			};
			buildConfigurationList = 3DF21F3D282CF7EE003126EB /* Build configuration list for PBXProject "Homework 13" */;
			compatibilityVersion = "Xcode 13.0";
			developmentRegion = en;
			hasScannedForEncodings = 0;
			knownRegions = (
				en,
				Base,
			);
			mainGroup = 3DF21F39282CF7EE003126EB;
			productRefGroup = 3DF21F43282CF7EE003126EB /* Products */;
			projectDirPath = "";
			projectRoot = "";
			targets = (
				3DF21F41282CF7EE003126EB /* Homework 13 */,
			);
		};
/* End PBXProject section */

/* Begin PBXResourcesBuildPhase section */
		3DF21F40282CF7EE003126EB /* Resources */ = {
			isa = PBXResourcesBuildPhase;
			buildActionMask = 2147483647;
			files = (
				3DF21F52282CF7F8003126EB /* LaunchScreen.storyboard in Resources */,
				3DF21F4F282CF7F8003126EB /* Assets.xcassets in Resources */,
				3DF21F4D282CF7EE003126EB /* Main.storyboard in Resources */,
			);
			runOnlyForDeploymentPostprocessing = 0;
		};
/* End PBXResourcesBuildPhase section */

/* Begin PBXSourcesBuildPhase section */
		3DF21F3E282CF7EE003126EB /* Sources */ = {
			isa = PBXSourcesBuildPhase;
			buildActionMask = 2147483647;
			files = (
				3DF21F4A282CF7EE003126EB /* ViewController.swift in Sources */,
				3D3ACE382868D53600B15212 /* FileStorage.swift in Sources */,
				3D9019412857B01B002233BD /* UserModal.swift in Sources */,
				3D9019432857B05D002233BD /* SaveUserSettings.swift in Sources */,
				3D88D3B6286B405500CF2369 /* GameViewController.swift in Sources */,
				3DF21F46282CF7EE003126EB /* AppDelegate.swift in Sources */,
				3D378B262875FB7A0000F1F5 /* GameOverViewController.swift in Sources */,
				3D378B292875FC100000F1F5 /* ScoreOfGameViewController.swift in Sources */,
				3DF21F48282CF7EE003126EB /* SceneDelegate.swift in Sources */,
				3D90194528588BF8002233BD /* SettingsViewController.swift in Sources */,
				3DD1473B2876F535007B4BD6 /* RecordCame.swift in Sources */,
				3DF21F5E282D1780003126EB /* UIViewController+Alert.swift in Sources */,
			);
			runOnlyForDeploymentPostprocessing = 0;
		};
/* End PBXSourcesBuildPhase section */

/* Begin PBXVariantGroup section */
		3DF21F4B282CF7EE003126EB /* Main.storyboard */ = {
			isa = PBXVariantGroup;
			children = (
				3DF21F4C282CF7EE003126EB /* Base */,
			);
			name = Main.storyboard;
			sourceTree = "<group>";
		};
		3DF21F50282CF7F8003126EB /* LaunchScreen.storyboard */ = {
			isa = PBXVariantGroup;
			children = (
				3DF21F51282CF7F8003126EB /* Base */,
			);
			name = LaunchScreen.storyboard;
			sourceTree = "<group>";
		};
/* End PBXVariantGroup section */

/* Begin XCBuildConfiguration section */
		3DF21F54282CF7F8003126EB /* Debug */ = {
			isa = XCBuildConfiguration;
			buildSettings = {
				ALWAYS_SEARCH_USER_PATHS = NO;
				CLANG_ANALYZER_NONNULL = YES;
				CLANG_ANALYZER_NUMBER_OBJECT_CONVERSION = YES_AGGRESSIVE;
				CLANG_CXX_LANGUAGE_STANDARD = "gnu++17";
				CLANG_ENABLE_MODULES = YES;
				CLANG_ENABLE_OBJC_ARC = YES;
				CLANG_ENABLE_OBJC_WEAK = YES;
				CLANG_WARN_BLOCK_CAPTURE_AUTORELEASING = YES;
				CLANG_WARN_BOOL_CONVERSION = YES;
				CLANG_WARN_COMMA = YES;
				CLANG_WARN_CONSTANT_CONVERSION = YES;
				CLANG_WARN_DEPRECATED_OBJC_IMPLEMENTATIONS = YES;
				CLANG_WARN_DIRECT_OBJC_ISA_USAGE = YES_ERROR;
				CLANG_WARN_DOCUMENTATION_COMMENTS = YES;
				CLANG_WARN_EMPTY_BODY = YES;
				CLANG_WARN_ENUM_CONVERSION = YES;
				CLANG_WARN_INFINITE_RECURSION = YES;
				CLANG_WARN_INT_CONVERSION = YES;
				CLANG_WARN_NON_LITERAL_NULL_CONVERSION = YES;
				CLANG_WARN_OBJC_IMPLICIT_RETAIN_SELF = YES;
				CLANG_WARN_OBJC_LITERAL_CONVERSION = YES;
				CLANG_WARN_OBJC_ROOT_CLASS = YES_ERROR;
				CLANG_WARN_QUOTED_INCLUDE_IN_FRAMEWORK_HEADER = YES;
				CLANG_WARN_RANGE_LOOP_ANALYSIS = YES;
				CLANG_WARN_STRICT_PROTOTYPES = YES;
				CLANG_WARN_SUSPICIOUS_MOVE = YES;
				CLANG_WARN_UNGUARDED_AVAILABILITY = YES_AGGRESSIVE;
				CLANG_WARN_UNREACHABLE_CODE = YES;
				CLANG_WARN__DUPLICATE_METHOD_MATCH = YES;
				COPY_PHASE_STRIP = NO;
				DEBUG_INFORMATION_FORMAT = dwarf;
				ENABLE_STRICT_OBJC_MSGSEND = YES;
				ENABLE_TESTABILITY = YES;
				GCC_C_LANGUAGE_STANDARD = gnu11;
				GCC_DYNAMIC_NO_PIC = NO;
				GCC_NO_COMMON_BLOCKS = YES;
				GCC_OPTIMIZATION_LEVEL = 0;
				GCC_PREPROCESSOR_DEFINITIONS = (
					"DEBUG=1",
					"$(inherited)",
				);
				GCC_WARN_64_TO_32_BIT_CONVERSION = YES;
				GCC_WARN_ABOUT_RETURN_TYPE = YES_ERROR;
				GCC_WARN_UNDECLARED_SELECTOR = YES;
				GCC_WARN_UNINITIALIZED_AUTOS = YES_AGGRESSIVE;
				GCC_WARN_UNUSED_FUNCTION = YES;
				GCC_WARN_UNUSED_VARIABLE = YES;
				IPHONEOS_DEPLOYMENT_TARGET = 15.4;
				MTL_ENABLE_DEBUG_INFO = INCLUDE_SOURCE;
				MTL_FAST_MATH = YES;
				ONLY_ACTIVE_ARCH = YES;
				SDKROOT = iphoneos;
				SWIFT_ACTIVE_COMPILATION_CONDITIONS = DEBUG;
				SWIFT_OPTIMIZATION_LEVEL = "-Onone";
			};
			name = Debug;
		};
		3DF21F55282CF7F8003126EB /* Release */ = {
			isa = XCBuildConfiguration;
			buildSettings = {
				ALWAYS_SEARCH_USER_PATHS = NO;
				CLANG_ANALYZER_NONNULL = YES;
				CLANG_ANALYZER_NUMBER_OBJECT_CONVERSION = YES_AGGRESSIVE;
				CLANG_CXX_LANGUAGE_STANDARD = "gnu++17";
				CLANG_ENABLE_MODULES = YES;
				CLANG_ENABLE_OBJC_ARC = YES;
				CLANG_ENABLE_OBJC_WEAK = YES;
				CLANG_WARN_BLOCK_CAPTURE_AUTORELEASING = YES;
				CLANG_WARN_BOOL_CONVERSION = YES;
				CLANG_WARN_COMMA = YES;
				CLANG_WARN_CONSTANT_CONVERSION = YES;
				CLANG_WARN_DEPRECATED_OBJC_IMPLEMENTATIONS = YES;
				CLANG_WARN_DIRECT_OBJC_ISA_USAGE = YES_ERROR;
				CLANG_WARN_DOCUMENTATION_COMMENTS = YES;
				CLANG_WARN_EMPTY_BODY = YES;
				CLANG_WARN_ENUM_CONVERSION = YES;
				CLANG_WARN_INFINITE_RECURSION = YES;
				CLANG_WARN_INT_CONVERSION = YES;
				CLANG_WARN_NON_LITERAL_NULL_CONVERSION = YES;
				CLANG_WARN_OBJC_IMPLICIT_RETAIN_SELF = YES;
				CLANG_WARN_OBJC_LITERAL_CONVERSION = YES;
				CLANG_WARN_OBJC_ROOT_CLASS = YES_ERROR;
				CLANG_WARN_QUOTED_INCLUDE_IN_FRAMEWORK_HEADER = YES;
				CLANG_WARN_RANGE_LOOP_ANALYSIS = YES;
				CLANG_WARN_STRICT_PROTOTYPES = YES;
				CLANG_WARN_SUSPICIOUS_MOVE = YES;
				CLANG_WARN_UNGUARDED_AVAILABILITY = YES_AGGRESSIVE;
				CLANG_WARN_UNREACHABLE_CODE = YES;
				CLANG_WARN__DUPLICATE_METHOD_MATCH = YES;
				COPY_PHASE_STRIP = NO;
				DEBUG_INFORMATION_FORMAT = "dwarf-with-dsym";
				ENABLE_NS_ASSERTIONS = NO;
				ENABLE_STRICT_OBJC_MSGSEND = YES;
				GCC_C_LANGUAGE_STANDARD = gnu11;
				GCC_NO_COMMON_BLOCKS = YES;
				GCC_WARN_64_TO_32_BIT_CONVERSION = YES;
				GCC_WARN_ABOUT_RETURN_TYPE = YES_ERROR;
				GCC_WARN_UNDECLARED_SELECTOR = YES;
				GCC_WARN_UNINITIALIZED_AUTOS = YES_AGGRESSIVE;
				GCC_WARN_UNUSED_FUNCTION = YES;
				GCC_WARN_UNUSED_VARIABLE = YES;
				IPHONEOS_DEPLOYMENT_TARGET = 15.4;
				MTL_ENABLE_DEBUG_INFO = NO;
				MTL_FAST_MATH = YES;
				SDKROOT = iphoneos;
				SWIFT_COMPILATION_MODE = wholemodule;
				SWIFT_OPTIMIZATION_LEVEL = "-O";
				VALIDATE_PRODUCT = YES;
			};
			name = Release;
		};
		3DF21F57282CF7F8003126EB /* Debug */ = {
			isa = XCBuildConfiguration;
			buildSettings = {
				ASSETCATALOG_COMPILER_APPICON_NAME = AppIcon;
				ASSETCATALOG_COMPILER_GLOBAL_ACCENT_COLOR_NAME = AccentColor;
				CODE_SIGN_STYLE = Automatic;
				CURRENT_PROJECT_VERSION = 1;
				DEVELOPMENT_TEAM = KQF6QUDYBC;
				GENERATE_INFOPLIST_FILE = YES;
				INFOPLIST_FILE = "Homework 13/Info.plist";
				INFOPLIST_KEY_UIApplicationSupportsIndirectInputEvents = YES;
				INFOPLIST_KEY_UILaunchStoryboardName = LaunchScreen;
				INFOPLIST_KEY_UIMainStoryboardFile = Main;
				INFOPLIST_KEY_UISupportedInterfaceOrientations_iPad = "UIInterfaceOrientationPortrait UIInterfaceOrientationPortraitUpsideDown UIInterfaceOrientationLandscapeLeft UIInterfaceOrientationLandscapeRight";
				INFOPLIST_KEY_UISupportedInterfaceOrientations_iPhone = "UIInterfaceOrientationPortrait UIInterfaceOrientationLandscapeLeft UIInterfaceOrientationLandscapeRight";
				LD_RUNPATH_SEARCH_PATHS = (
					"$(inherited)",
					"@executable_path/Frameworks",
				);
				MARKETING_VERSION = 1.0;
				PRODUCT_BUNDLE_IDENTIFIER = "Sokolovskij-Dmitrij.Homework-13";
				PRODUCT_NAME = "$(TARGET_NAME)";
				SWIFT_EMIT_LOC_STRINGS = YES;
				SWIFT_VERSION = 5.0;
				TARGETED_DEVICE_FAMILY = "1,2";
			};
			name = Debug;
		};
		3DF21F58282CF7F8003126EB /* Release */ = {
			isa = XCBuildConfiguration;
			buildSettings = {
				ASSETCATALOG_COMPILER_APPICON_NAME = AppIcon;
				ASSETCATALOG_COMPILER_GLOBAL_ACCENT_COLOR_NAME = AccentColor;
				CODE_SIGN_STYLE = Automatic;
				CURRENT_PROJECT_VERSION = 1;
				DEVELOPMENT_TEAM = KQF6QUDYBC;
				GENERATE_INFOPLIST_FILE = YES;
				INFOPLIST_FILE = "Homework 13/Info.plist";
				INFOPLIST_KEY_UIApplicationSupportsIndirectInputEvents = YES;
				INFOPLIST_KEY_UILaunchStoryboardName = LaunchScreen;
				INFOPLIST_KEY_UIMainStoryboardFile = Main;
				INFOPLIST_KEY_UISupportedInterfaceOrientations_iPad = "UIInterfaceOrientationPortrait UIInterfaceOrientationPortraitUpsideDown UIInterfaceOrientationLandscapeLeft UIInterfaceOrientationLandscapeRight";
				INFOPLIST_KEY_UISupportedInterfaceOrientations_iPhone = "UIInterfaceOrientationPortrait UIInterfaceOrientationLandscapeLeft UIInterfaceOrientationLandscapeRight";
				LD_RUNPATH_SEARCH_PATHS = (
					"$(inherited)",
					"@executable_path/Frameworks",
				);
				MARKETING_VERSION = 1.0;
				PRODUCT_BUNDLE_IDENTIFIER = "Sokolovskij-Dmitrij.Homework-13";
				PRODUCT_NAME = "$(TARGET_NAME)";
				SWIFT_EMIT_LOC_STRINGS = YES;
				SWIFT_VERSION = 5.0;
				TARGETED_DEVICE_FAMILY = "1,2";
			};
			name = Release;
		};
/* End XCBuildConfiguration section */

/* Begin XCConfigurationList section */
		3DF21F3D282CF7EE003126EB /* Build configuration list for PBXProject "Homework 13" */ = {
			isa = XCConfigurationList;
			buildConfigurations = (
				3DF21F54282CF7F8003126EB /* Debug */,
				3DF21F55282CF7F8003126EB /* Release */,
			);
			defaultConfigurationIsVisible = 0;
			defaultConfigurationName = Release;
		};
		3DF21F56282CF7F8003126EB /* Build configuration list for PBXNativeTarget "Homework 13" */ = {
			isa = XCConfigurationList;
			buildConfigurations = (
				3DF21F57282CF7F8003126EB /* Debug */,
				3DF21F58282CF7F8003126EB /* Release */,
			);
			defaultConfigurationIsVisible = 0;
			defaultConfigurationName = Release;
		};
/* End XCConfigurationList section */
	};
	rootObject = 3DF21F3A282CF7EE003126EB /* Project object */;
}
